{
  "lockfileVersion": 2,
  "configVersion": 1,
  "workspaces": {
    "": {
      "name": "next-themes-solid",
      "dependencies": {
        "@solid-primitives/media": "^2.3.0",
        "@solid-primitives/storage": "^4.4.0",
      },
      "devDependencies": {
        "oxlint": "^1.42.0",
        "solid-js": "^1.9.0",
        "typescript": "^5.7.3",
      },
      "peerDependencies": {
        "solid-js": "^1.9.0",
      },
    },
  },
  "packages": {
    "@oxlint/binding-android-arm-eabi": ["@oxlint/binding-android-arm-eabi@1.79.0", "", { "os": "android", "cpu": "arm" }, "sha512-TebFaaMklO/RXzTv7PucaCq9l3X6D1gA+C8H6K4njtjFOV+zWE9MKLpulcJZN9bzytbUbQIY0mZuz12nQ5Kv4Q=="],

    "@oxlint/binding-android-arm64": ["@oxlint/binding-android-arm64@1.79.0", "", { "os": "android", "cpu": "arm64" }, "sha512-KqqnOtAVgNsPPF0YSodkFZA1O80jcKoCZCTu3bgsszxA+MrMP9TLzfXitKjEj1FmrPprKDMdRDMmY3weESO9sg=="],

    "@oxlint/binding-darwin-arm64": ["@oxlint/binding-darwin-arm64@1.79.0", "", { "os": "darwin", "cpu": "arm64" }, "sha512-BVC2nsMzqQzRDPc5RhixkZ+m1p7iH4bxRRvqkbwDXX0PlQKm1BPy8J8cRjnAFafOq2QzI+BfO3vE8w2GZ3CBag=="],

    "@oxlint/binding-darwin-x64": ["@oxlint/binding-darwin-x64@1.79.0", "", { "os": "darwin", "cpu": "x64" }, "sha512-p6Lm+snmhGuLKL1+CpCV8L6ijkE/qJzK2H2jG9+eKJT0n31RbY4FLsdhexekgP3bLpw4Kgde+9DZuDZQ4yIInA=="],

    "@oxlint/binding-freebsd-x64": ["@oxlint/binding-freebsd-x64@1.79.0", "", { "os": "freebsd", "cpu": "x64" }, "sha512-qDMm0dXZnoHyRqSL4N4xUq82T4sqK5cbKSjvd/dF/YbMUXc2R1wEPf+vmA5S0qUmi0nwXfNbjXBtZaIqzQLIMg=="],

    "@oxlint/binding-linux-arm-gnueabihf": ["@oxlint/binding-linux-arm-gnueabihf@1.79.0", "", { "os": "linux", "cpu": "arm" }, "sha512-2od7s0nuKPzqyUZAWk9KkCyGg7eI9dwFPZg+20lB15fKFkVZ0c9ZFxqPfiBAyDTlTkh9stPI0t+JlPCqMbItVA=="],

    "@oxlint/binding-linux-arm-musleabihf": ["@oxlint/binding-linux-arm-musleabihf@1.79.0", "", { "os": "linux", "cpu": "arm" }, "sha512-ZOQUjkzDnvlhSE3+tWC3YXx94MMl+sYMlwH+u1+YGApGHOJP/YAc8ZBRFOXZ6eOBmxtXAWuS/fBcdZr8qqNO1A=="],

    "@oxlint/binding-linux-arm64-gnu": ["@oxlint/binding-linux-arm64-gnu@1.79.0", "", { "os": "linux", "cpu": "arm64" }, "sha512-lu158FR4nGqGeRS3BQvtG85wRgU/Fy4MD5Cxp1hzJXizGiLo6u2742wJSCDKh8cFcZntvX7fcxlq4mMmfryH1g=="],

    "@oxlint/binding-linux-arm64-musl": ["@oxlint/binding-linux-arm64-musl@1.79.0", "", { "os": "linux", "cpu": "arm64" }, "sha512-mbpKQeE2aflTjddaHK7MP8KP/OFbUM++lt5M635ENM8IyIdK0jm2t9pb+2v9mVVIvhF6TqA4l7F79Pll1mi+uw=="],

    "@oxlint/binding-linux-ppc64-gnu": ["@oxlint/binding-linux-ppc64-gnu@1.79.0", "", { "os": "linux", "cpu": "ppc64" }, "sha512-WpGNua7gaxaHnpSDeog2ji8IDHn/QLPl9LPzwkR/FvVv58vT5BcXjRXnU+wbu3N75cpeha8CdC7ho/U2OIsB4g=="],

    "@oxlint/binding-linux-riscv64-gnu": ["@oxlint/binding-linux-riscv64-gnu@1.79.0", "", { "os": "linux", "cpu": "none" }, "sha512-tK1E93A5LVzISg4ngpKJnfTs7EqtIUceGI7MQ4GyDjJiLi8wPCkEyKlj2xkyKWZ1yzkDJyLHTBJ5/iFWRdnJvg=="],

    "@oxlint/binding-linux-riscv64-musl": ["@oxlint/binding-linux-riscv64-musl@1.79.0", "", { "os": "linux", "cpu": "none" }, "sha512-qhQvUIrngXivA2A9pQ+xPCychztn/5qUv7yS3gDwXv3w7Rag+eTeeXWmRyx+t7XsW5x6LuY/8AsTq36UgFIblg=="],

    "@oxlint/binding-linux-s390x-gnu": ["@oxlint/binding-linux-s390x-gnu@1.79.0", "", { "os": "linux", "cpu": "s390x" }, "sha512-sv6AaVgU/eE6u+6WFiQVDcPPwTxP6IJMSB9k701W2r/r6Tx465e8vPvVyRxquNH4Vy6KwRNu90mVbxXJN8+5gg=="],

    "@oxlint/binding-linux-x64-gnu": ["@oxlint/binding-linux-x64-gnu@1.79.0", "", { "os": "linux", "cpu": "x64" }, "sha512-iFZL02deziHslb3jEX9KdqlAkYoo4fGyotchKDzdfK1f5mxlIBeiQeHhvK3iFpuEJSB4ma/qeFn9oxPiwnhUPQ=="],

    "@oxlint/binding-linux-x64-musl": ["@oxlint/binding-linux-x64-musl@1.79.0", "", { "os": "linux", "cpu": "x64" }, "sha512-3DtZR2raqObnh7wXZoFYFd0Fw7skBvcb3f7A+/lkEiDuh8hrE6vv9b/62Qxao1a9/OeHLw/FcXlXzgsW9wTRFg=="],

    "@oxlint/binding-openharmony-arm64": ["@oxlint/binding-openharmony-arm64@1.79.0", "", { "os": "none", "cpu": "arm64" }, "sha512-Oatt4GuA1WJkqzk2ozx4HrWROOi7opV3AKDw/U8qDIqeTqzsjn5K2x3REJMNjU3/KU/Bkq96Zi3CknaiDTaC/Q=="],

    "@oxlint/binding-win32-arm64-msvc": ["@oxlint/binding-win32-arm64-msvc@1.79.0", "", { "os": "win32", "cpu": "arm64" }, "sha512-NAgZr9Qp8nIA9rpo0JEvwiabTF/2UVqBNnupBG9X4kxXcQoScJUTi+qHhvabb9s/thgj5wQ4XcIaJvb+ZMgoKw=="],

    "@oxlint/binding-win32-ia32-msvc": ["@oxlint/binding-win32-ia32-msvc@1.79.0", "", { "os": "win32", "cpu": "ia32" }, "sha512-+KyXjIvcpaXmWW/j9NNY5yWjrIVxaX18VyIheQy3jwc2GSYgpCr7MGI/HxIGQ/shAL5IWEKbhsqoMpAO5Stiog=="],

    "@oxlint/binding-win32-x64-msvc": ["@oxlint/binding-win32-x64-msvc@1.79.0", "", { "os": "win32", "cpu": "x64" }, "sha512-mEelcCMMBS57sIXh2veGMNy+pQwuGtcMxHxGIZWQ5Ba9pJ5jCCUFOZB9E2JhBaxGsURe+WGe0zJp4RVre52gpQ=="],

    "@solid-primitives/event-listener": ["@solid-primitives/event-listener@2.4.6", "", { "dependencies": { "@solid-primitives/utils": "^6.4.1" }, "peerDependencies": { "solid-js": "^1.6.12" } }, "sha512-5I0YJcTVYIWoMmgBSROBZGcz+ymhew/pGTg2dHW74BUjFKsV8Li4bOZYl0YAGP4mHw5o4UBd9/BEesqBci3wxw=="],

    "@solid-primitives/media": ["@solid-primitives/media@2.3.6", "", { "dependencies": { "@solid-primitives/event-listener": "^2.4.6", "@solid-primitives/rootless": "^1.5.4", "@solid-primitives/static-store": "^0.1.4", "@solid-primitives/utils": "^6.4.1" }, "peerDependencies": { "solid-js": "^1.6.12" } }, "sha512-pk49gPOq/UMRUJ+pTSrOfBiR8xJjRYHXIf1iR/jSnyQ/KroU+ZXhkZzavC7hvfp2vJeOTW5k2/HN0r3Q1VJ7Pw=="],

    "@solid-primitives/rootless": ["@solid-primitives/rootless@1.5.4", "", { "dependencies": { "@solid-primitives/utils": "^6.4.1" }, "peerDependencies": { "solid-js": "^1.6.12" } }, "sha512-TOIZa1VUfVJ+9nkCcRajw3U4t9vBOP1HxX1WHNTbXq32mXwlqTvUnC4CRIilohcryBkT9u2ZkhUDSHRTaGp55g=="],

    "@solid-primitives/static-store": ["@solid-primitives/static-store@0.1.4", "", { "dependencies": { "@solid-primitives/utils": "^6.4.1" }, "peerDependencies": { "solid-js": "^1.6.12" } }, "sha512-LgtVaVBtB7EbmS4+M0b8xY5Iq6pUWXBsIC4VgtrFKDGDdyCaDt88sHk0fUlx1Enxm/XZnZyLXJABRoa39RjJqA=="],

    "@solid-primitives/storage": ["@solid-primitives/storage@4.4.0", "", { "dependencies": { "@solid-primitives/utils": "^6.4.1" }, "peerDependencies": { "@tauri-apps/plugin-store": "*", "solid-js": "^1.6.12", "solid-start": "*" }, "optionalPeers": ["@tauri-apps/plugin-store", "solid-start"] }, "sha512-+u0dpTqrUG7h+IMfmGLCx7vx2Q0Eon6paBgzcWhEP/dauElpGU3ElpZZOZgw8YKR1+J4X4ENiAL0na3VH8RWMg=="],

    "@solid-primitives/utils": ["@solid-primitives/utils@6.4.1", "", { "peerDependencies": { "solid-js": "^1.6.12" } }, "sha512-ISSB5QX1qP2ynrheIpYwc4oKR5Ny4siNuUyf1qZniy+Il+p/PtDB0QK1Dnle8noiHpwRD3gpPdubOC3qI/Zamg=="],

    "csstype": ["csstype@3.2.3", "", {}, "sha512-z1HGKcYy2xA8AGQfwrn0PAy+PB7X/GSj3UVJW9qKyn43xWa+gl5nXmU4qqLMRzWVLFC8KusUX8T/0kCiOYpAIQ=="],

    "oxlint": ["oxlint@1.79.0", "", { "optionalDependencies": { "@oxlint/binding-android-arm-eabi": "1.79.0", "@oxlint/binding-android-arm64": "1.79.0", "@oxlint/binding-darwin-arm64": "1.79.0", "@oxlint/binding-darwin-x64": "1.79.0", "@oxlint/binding-freebsd-x64": "1.79.0", "@oxlint/binding-linux-arm-gnueabihf": "1.79.0", "@oxlint/binding-linux-arm-musleabihf": "1.79.0", "@oxlint/binding-linux-arm64-gnu": "1.79.0", "@oxlint/binding-linux-arm64-musl": "1.79.0", "@oxlint/binding-linux-ppc64-gnu": "1.79.0", "@oxlint/binding-linux-riscv64-gnu": "1.79.0", "@oxlint/binding-linux-riscv64-musl": "1.79.0", "@oxlint/binding-linux-s390x-gnu": "1.79.0", "@oxlint/binding-linux-x64-gnu": "1.79.0", "@oxlint/binding-linux-x64-musl": "1.79.0", "@oxlint/binding-openharmony-arm64": "1.79.0", "@oxlint/binding-win32-arm64-msvc": "1.79.0", "@oxlint/binding-win32-ia32-msvc": "1.79.0", "@oxlint/binding-win32-x64-msvc": "1.79.0" }, "peerDependencies": { "oxlint-tsgolint": ">=7.0.2001", "vite-plus": "*" }, "optionalPeers": ["oxlint-tsgolint", "vite-plus"], "bin": { "oxlint": "bin/oxlint" } }, "sha512-hVJ9hq9m2unPS+Of4eJJgCPdIeCC+3DHEUX3tkmrPJr3OK2hz7PhXwgC+ZP71ZcYu8cCDEtQrqLxWNvxBppBVg=="],

    "seroval": ["seroval@1.5.6", "", {}, "sha512-rVQVWjjSvlINzaQPZH5JFqsqEsIWdTxY3iJZCnTL/5gQbXIRooVZKI60tVCkOVfzcRPejboxO2t0P89dg5mQaA=="],

    "seroval-plugins": ["seroval-plugins@1.5.6", "", { "peerDependencies": { "seroval": "^1.0" } }, "sha512-HXuLAX2pu/UByPpaeo/TaMfvMIi+1QqIoPJYCcAtU8QkVNwgR6MPlGuCQTErV1JwraaMbYaWVIBX7mppzGLATQ=="],

    "solid-js": ["solid-js@1.9.15", "", { "dependencies": { "csstype": "^3.1.0", "seroval": "~1.5.4", "seroval-plugins": "~1.5.4" } }, "sha512-EeiY2xfpZJqPLjXspVEKjAII4yv8NyG//NxZ3IpOFHdUNnnTyL0uJOeS9LWGvA7cFCz5y94cjFwYlmw5Luncsg=="],

    "typescript": ["typescript@5.9.3", "", { "bin": { "tsc": "bin/tsc", "tsserver": "bin/tsserver" } }, "sha512-jl1vZzPDinLr9eUt3J/t7V6FgNEw9QjvBPdysz9KfQDD41fQrC2Y4vKQdiaUpFT4bXlb1RHhLpp8wtm6M5TgSw=="],
  }
}
